
Microsoft Visual Studio Solution File, Format Version 12.00
# Visual Studio Version 16
VisualStudioVersion = 16.0.28922.388
MinimumVisualStudioVersion = 10.0.40219.1
Project("{FAE04EC0-301F-11D3-BF4B-00C04F79EFBC}") = "Crm6", "Crm6\Crm6.csproj", "{A7964799-A7BB-4939-B857-C51DA82C4AE3}"
EndProject
Project("{FAE04EC0-301F-11D3-BF4B-00C04F79EFBC}") = "Crm6.Components.Common", "Crm6.Components.Common\Crm6.Components.Common.csproj", "{1F779141-358E-4E97-8D14-EBC3967AD446}"
EndProject
Global
	GlobalSection(SolutionConfigurationPlatforms) = preSolution
		Debug|Any CPU = Debug|Any CPU
		Debug-FakeAuth|Any CPU = Debug-FakeAuth|Any CPU
		Debug-Fast|Any CPU = Debug-Fast|Any CPU
		Release|Any CPU = Release|Any CPU
	EndGlobalSection
	GlobalSection(ProjectConfigurationPlatforms) = postSolution
		{A7964799-A7BB-4939-B857-C51DA82C4AE3}.Debug|Any CPU.ActiveCfg = Debug|Any CPU
		{A7964799-A7BB-4939-B857-C51DA82C4AE3}.Debug|Any CPU.Build.0 = Debug|Any CPU
		{A7964799-A7BB-4939-B857-C51DA82C4AE3}.Debug-FakeAuth|Any CPU.ActiveCfg = Debug-FakeAuth|Any CPU
		{A7964799-A7BB-4939-B857-C51DA82C4AE3}.Debug-FakeAuth|Any CPU.Build.0 = Debug-FakeAuth|Any CPU
		{A7964799-A7BB-4939-B857-C51DA82C4AE3}.Debug-Fast|Any CPU.ActiveCfg = Debug-Fast|Any CPU
		{A7964799-A7BB-4939-B857-C51DA82C4AE3}.Debug-Fast|Any CPU.Build.0 = Debug-Fast|Any CPU
		{A7964799-A7BB-4939-B857-C51DA82C4AE3}.Release|Any CPU.ActiveCfg = Release|Any CPU
		{A7964799-A7BB-4939-B857-C51DA82C4AE3}.Release|Any CPU.Build.0 = Release|Any CPU
		{1F779141-358E-4E97-8D14-EBC3967AD446}.Debug|Any CPU.ActiveCfg = Debug|Any CPU
		{1F779141-358E-4E97-8D14-EBC3967AD446}.Debug|Any CPU.Build.0 = Debug|Any CPU
		{1F779141-358E-4E97-8D14-EBC3967AD446}.Debug-FakeAuth|Any CPU.ActiveCfg = Debug-FakeAuth|Any CPU
		{1F779141-358E-4E97-8D14-EBC3967AD446}.Debug-FakeAuth|Any CPU.Build.0 = Debug-FakeAuth|Any CPU
		{1F779141-358E-4E97-8D14-EBC3967AD446}.Debug-Fast|Any CPU.ActiveCfg = Debug-Fast|Any CPU
		{1F779141-358E-4E97-8D14-EBC3967AD446}.Debug-Fast|Any CPU.Build.0 = Debug-Fast|Any CPU
		{1F779141-358E-4E97-8D14-EBC3967AD446}.Release|Any CPU.ActiveCfg = Release|Any CPU
		{1F779141-358E-4E97-8D14-EBC3967AD446}.Release|Any CPU.Build.0 = Release|Any CPU
	EndGlobalSection
	GlobalSection(SolutionProperties) = preSolution
		HideSolutionNode = FALSE
	EndGlobalSection
	GlobalSection(ExtensibilityGlobals) = postSolution
		SolutionGuid = {0330F0FC-63BB-4F68-BEAE-CEC5AA63954C}
	EndGlobalSection
EndGlobal
